github.com/aws/aws-sdk-go v1.14.6 h1:+X+8kuPG0cq+mWqCMsn1KhBOSf8ZFiYUJGf78Wwvjc0=
github.com/aws/aws-sdk-go v1.14.6/go.mod h1:ZRmQr0FajVIyZ4ZzBYKG5P3ZqPz9IHG41ZoMu1ADI3k=
github.com/go-ini/ini v1.37.0 h1:/FpMfveJbc7ExTTDgT5nL9Vw+aZdst/c2dOxC931U+M=
github.com/go-ini/ini v1.37.0/go.mod h1:ByCAeIL28uOIIG0E3PJtZPDL8WnHpFKFOtgjp+3Ies8=
github.com/jmespath/go-jmespath v0.0.0-20180206201540-c2b33e8439af h1:pmfjZENx5imkbgOkpRUYLnmbU7UEFbjtDA2hxJ1ichM=
github.com/jmespath/go-jmespath v0.0.0-20180206201540-c2b33e8439af/go.mod h1:Nht3zPeWKUH0NzdCt2Blrr5ys8VGpn0CEB0cQHVjt7k=
github.com/segmentio/ksuid v0.0.0-20180216234339-801bc4434082/go.mod h1:BXuJDr2byAiHuQaQtSKoXh1J0YmUDurywOXgB2w+OSU=
github.com/spf13/pflag v1.0.1 h1:aCvUg6QPl3ibpQUxyLkrEkCHtPqYJL4x9AuhqVqFis4=
github.com/spf13/pflag v1.0.1/go.mod h1:DYY7MBk1bdzusC3SYhjObp+wFpr4gzcvqqNjLnInEg4=
github.com/tears-of-noobs/bytefmt v0.0.0-20150721113221-76685b6f8f35 h1:IYl9GsnhoX8XxsTILyJCCN2LAmFqYDoeqkBvDNTG0WY=
github.com/tears-of-noobs/bytefmt v0.0.0-20150721113221-76685b6f8f35/go.mod h1:ned42gfA82Xd9VX3figoKYAIu/KK4pJbD84aWA3hfvU=
golang.org/x/crypto v0.0.0-20180613202254-e6b1200d11b0 h1:ttCO0/8XKlFf9tJQPAe9YQldlW6CnjeaWUIexBuJHtw=
golang.org/x/crypto v0.0.0-20180613202254-e6b1200d11b0/go.mod h1:6SG95UA2DQfeDnfUPMdvaQW0Q7yPrPDi9nlGo2tz2b4=
golang.org/x/sys v0.0.0-20180613171135-56ede360ec1c h1:MXZD94RFXTTtcEuUwFza91dzAvAqaXCZZxTpMnV4biY=
golang.org/x/sys v0.0.0-20180613171135-56ede360ec1c/go.mod h1:STP8DvDyc/dI5b8T5hshtkjS+E42TnysNCUPdjciGhY=
gopkg.in/check.v1 v0.0.0-20161208181325-20d25e280405/go.mod h1:Co6ibVJAznAaIkqp8huTwlJQCZ016jof/cbN4VW5Yz0=
gopkg.in/check.v1 v1.0.0-20161208181325-20d25e280405/go.mod h1:Co6ibVJAznAaIkqp8huTwlJQCZ016jof/cbN4VW5Yz0=
gopkg.in/yaml.v2 v2.2.1 h1:mUhvW9EsL+naU5Q3cakzfE91YhliOondGd6ZrsDBHQE=
gopkg.in/yaml.v2 v2.2.1/go.mod h1:hI93XBmqTisBFMUTm0b8Fm+jr3Dg1NNxqwp+5A1VGuI=
